
Microsoft Visual Studio Solution File, Format Version 12.00
# Visual Studio Version 17
VisualStudioVersion = 17.7.34221.43
MinimumVisualStudioVersion = 10.0.40219.1
Project("{FAE04EC0-301F-11D3-BF4B-00C04F79EFBC}") = "Morse Code Solver", "Morse Code Solver.csproj", "{7DA7B80D-6E0A-451B-A38E-4077034710C7}"
EndProject
Global
	GlobalSection(SolutionConfigurationPlatforms) = preSolution
		Debug|Any CPU = Debug|Any CPU
		Release|Any CPU = Release|Any CPU
	EndGlobalSection
	GlobalSection(ProjectConfigurationPlatforms) = postSolution
		{7DA7B80D-6E0A-451B-A38E-4077034710C7}.Debug|Any CPU.ActiveCfg = Debug|Any CPU
		{7DA7B80D-6E0A-451B-A38E-4077034710C7}.Debug|Any CPU.Build.0 = Debug|Any CPU
		{7DA7B80D-6E0A-451B-A38E-4077034710C7}.Release|Any CPU.ActiveCfg = Release|Any CPU
		{7DA7B80D-6E0A-451B-A38E-4077034710C7}.Release|Any CPU.Build.0 = Release|Any CPU
	EndGlobalSection
	GlobalSection(SolutionProperties) = preSolution
		HideSolutionNode = FALSE
	EndGlobalSection
	GlobalSection(ExtensibilityGlobals) = postSolution
		SolutionGuid = {99EA02E7-766D-4070-A55D-91EFB3DC8849}
	EndGlobalSection
EndGlobal
